// !$*UTF8*$!
{
	archiveVersion = 1;
	classes = {
	};
	objectVersion = 55;
	objects = {

/* Begin PBXBuildFile section */
		2A8B73FB79E5244892401810 /* Pods_PocketGuthubC.framework in Frameworks */ = {isa = PBXBuildFile; fileRef = 03DB156D205CBF3C7C3C9779 /* Pods_PocketGuthubC.framework */; };
		7B01578328F2962400D0A842 /* MainCoordinator.m in Sources */ = {isa = PBXBuildFile; fileRef = 7B01578228F2962400D0A842 /* MainCoordinator.m */; };
		7B01578728F2990300D0A842 /* UINavigationController + Transparent.m in Sources */ = {isa = PBXBuildFile; fileRef = 7B01578628F2990300D0A842 /* UINavigationController + Transparent.m */; };
		7B01578B28F2EFED00D0A842 /* CommitListView.m in Sources */ = {isa = PBXBuildFile; fileRef = 7B01578A28F2EFED00D0A842 /* CommitListView.m */; };
		7B01578F28F2F1CC00D0A842 /* CommitCell.m in Sources */ = {isa = PBXBuildFile; fileRef = 7B01578E28F2F1CC00D0A842 /* CommitCell.m */; };
		7B01579428F2F3FF00D0A842 /* UILabel + init.m in Sources */ = {isa = PBXBuildFile; fileRef = 7B01579328F2F3FF00D0A842 /* UILabel + init.m */; };
		7B8EFE4228F041ED00BB2A28 /* AuthConstants.m in Sources */ = {isa = PBXBuildFile; fileRef = 7B8EFE4128F041ED00BB2A28 /* AuthConstants.m */; };
		7B8EFE4528F04BA100BB2A28 /* StorageService.m in Sources */ = {isa = PBXBuildFile; fileRef = 7B8EFE4428F04BA100BB2A28 /* StorageService.m */; };
		7B8EFE4828F04F8000BB2A28 /* GithubService.m in Sources */ = {isa = PBXBuildFile; fileRef = 7B8EFE4728F04F8000BB2A28 /* GithubService.m */; };
		7B8EFE4F28F05F6300BB2A28 /* Commit.m in Sources */ = {isa = PBXBuildFile; fileRef = 7B8EFE4E28F05F6300BB2A28 /* Commit.m */; };
		7B8EFE5128F05F9400BB2A28 /* CommitAuthor.m in Sources */ = {isa = PBXBuildFile; fileRef = 7B8EFE5028F05F9400BB2A28 /* CommitAuthor.m */; };
		7B8EFE5628F05FFE00BB2A28 /* RepoOwner.m in Sources */ = {isa = PBXBuildFile; fileRef = 7B8EFE5528F05FFE00BB2A28 /* RepoOwner.m */; };
		7B8EFE5828F0603A00BB2A28 /* GithubUser.m in Sources */ = {isa = PBXBuildFile; fileRef = 7B8EFE5728F0603A00BB2A28 /* GithubUser.m */; };
		7B8EFE5C28F060B000BB2A28 /* CommitResponce.m in Sources */ = {isa = PBXBuildFile; fileRef = 7B8EFE5B28F060B000BB2A28 /* CommitResponce.m */; };
		7B8EFE5F28F0615A00BB2A28 /* Repo.m in Sources */ = {isa = PBXBuildFile; fileRef = 7B8EFE5E28F0615A00BB2A28 /* Repo.m */; };
		7B8EFE6328F0677700BB2A28 /* RepoHeaderView.m in Sources */ = {isa = PBXBuildFile; fileRef = 7B8EFE6228F0677700BB2A28 /* RepoHeaderView.m */; };
		7B8EFE6728F067EC00BB2A28 /* RepoListViewController.m in Sources */ = {isa = PBXBuildFile; fileRef = 7B8EFE6628F067EC00BB2A28 /* RepoListViewController.m */; };
		7B8EFE6F28F0849E00BB2A28 /* RepoCellViewData.m in Sources */ = {isa = PBXBuildFile; fileRef = 7B8EFE6E28F0849E00BB2A28 /* RepoCellViewData.m */; };
		7B8EFE7328F0855200BB2A28 /* UIViewController + UIAlertController.m in Sources */ = {isa = PBXBuildFile; fileRef = 7B8EFE7228F0855200BB2A28 /* UIViewController + UIAlertController.m */; };
		7B8EFE7728F089EE00BB2A28 /* CommitCellViewData.m in Sources */ = {isa = PBXBuildFile; fileRef = 7B8EFE7628F089EE00BB2A28 /* CommitCellViewData.m */; };
		7B8EFE7A28F0904600BB2A28 /* RepoCellView.m in Sources */ = {isa = PBXBuildFile; fileRef = 7B8EFE7928F0904600BB2A28 /* RepoCellView.m */; };
		7B8EFE7E28F0974C00BB2A28 /* RepoCountView.m in Sources */ = {isa = PBXBuildFile; fileRef = 7B8EFE7D28F0974C00BB2A28 /* RepoCountView.m */; };
		7B8EFE8128F0A1FD00BB2A28 /* CircleImageView.m in Sources */ = {isa = PBXBuildFile; fileRef = 7B8EFE8028F0A1FD00BB2A28 /* CircleImageView.m */; };
		7B9465BA28A23A4B00DF123D /* AppDelegate.m in Sources */ = {isa = PBXBuildFile; fileRef = 7B9465B928A23A4B00DF123D /* AppDelegate.m */; };
		7B9465BD28A23A4B00DF123D /* SceneDelegate.m in Sources */ = {isa = PBXBuildFile; fileRef = 7B9465BC28A23A4B00DF123D /* SceneDelegate.m */; };
		7B9465C028A23A4B00DF123D /* LoginViewController.m in Sources */ = {isa = PBXBuildFile; fileRef = 7B9465BF28A23A4B00DF123D /* LoginViewController.m */; };
		7B9465C828A23A4D00DF123D /* LaunchScreen.storyboard in Resources */ = {isa = PBXBuildFile; fileRef = 7B9465C628A23A4D00DF123D /* LaunchScreen.storyboard */; };
		7B9465CB28A23A4D00DF123D /* main.m in Sources */ = {isa = PBXBuildFile; fileRef = 7B9465CA28A23A4D00DF123D /* main.m */; };
		7B9465D728A24EDF00DF123D /* LoginPresenter.m in Sources */ = {isa = PBXBuildFile; fileRef = 7B9465D628A24EDF00DF123D /* LoginPresenter.m */; };
		7B9465E228A2566A00DF123D /* LoginInteractor.m in Sources */ = {isa = PBXBuildFile; fileRef = 7B9465E128A2566A00DF123D /* LoginInteractor.m */; };
		7B9465E428A2AFA900DF123D /* Assets.xcassets in Resources */ = {isa = PBXBuildFile; fileRef = 7B9465E328A2AFA800DF123D /* Assets.xcassets */; };
		7B9D13FF28F14D0F004F3B3B /* RepoListConstants.m in Sources */ = {isa = PBXBuildFile; fileRef = 7B9D13FE28F14D0F004F3B3B /* RepoListConstants.m */; };
		7B9D140228F14E7C004F3B3B /* RepoListInteractor.m in Sources */ = {isa = PBXBuildFile; fileRef = 7B9D140128F14E7C004F3B3B /* RepoListInteractor.m */; };
		7B9D140428F14E85004F3B3B /* RepoListPresenter.m in Sources */ = {isa = PBXBuildFile; fileRef = 7B9D140328F14E85004F3B3B /* RepoListPresenter.m */; };
		7B9D140828F14EA3004F3B3B /* RepoListRouter.m in Sources */ = {isa = PBXBuildFile; fileRef = 7B9D140728F14EA3004F3B3B /* RepoListRouter.m */; };
		7B9D140A28F14EB2004F3B3B /* RepoListConfigurator.m in Sources */ = {isa = PBXBuildFile; fileRef = 7B9D140928F14EB2004F3B3B /* RepoListConfigurator.m */; };
		7B9D140F28F15B6C004F3B3B /* NSString + Prefix.m in Sources */ = {isa = PBXBuildFile; fileRef = 7B9D140E28F15B6C004F3B3B /* NSString + Prefix.m */; };
		7BAF2F2928EFFFE30091C112 /* LoginViewConfigurator.m in Sources */ = {isa = PBXBuildFile; fileRef = 7BAF2F2828EFFFE30091C112 /* LoginViewConfigurator.m */; };
		7BAF2F2C28F02C180091C112 /* LoginViewRouter.m in Sources */ = {isa = PBXBuildFile; fileRef = 7BAF2F2B28F02C180091C112 /* LoginViewRouter.m */; };
		7BEA52E428A38FD6001405F8 /* AuthService.m in Sources */ = {isa = PBXBuildFile; fileRef = 7BEA52E328A38FD6001405F8 /* AuthService.m */; };
/* End PBXBuildFile section */

/* Begin PBXFileReference section */
		03DB156D205CBF3C7C3C9779 /* Pods_PocketGuthubC.framework */ = {isa = PBXFileReference; explicitFileType = wrapper.framework; includeInIndex = 0; path = Pods_PocketGuthubC.framework; sourceTree = BUILT_PRODUCTS_DIR; };
		7B01578128F2961D00D0A842 /* MainCoordinator.h */ = {isa = PBXFileReference; lastKnownFileType = sourcecode.c.h; path = MainCoordinator.h; sourceTree = "<group>"; };
		7B01578228F2962400D0A842 /* MainCoordinator.m */ = {isa = PBXFileReference; lastKnownFileType = sourcecode.c.objc; path = MainCoordinator.m; sourceTree = "<group>"; };
		7B01578528F298FD00D0A842 /* UINavigationController + Transparent.h */ = {isa = PBXFileReference; lastKnownFileType = sourcecode.c.h; path = "UINavigationController + Transparent.h"; sourceTree = "<group>"; };
		7B01578628F2990300D0A842 /* UINavigationController + Transparent.m */ = {isa = PBXFileReference; lastKnownFileType = sourcecode.c.objc; path = "UINavigationController + Transparent.m"; sourceTree = "<group>"; };
		7B01578A28F2EFED00D0A842 /* CommitListView.m */ = {isa = PBXFileReference; lastKnownFileType = sourcecode.c.objc; path = CommitListView.m; sourceTree = "<group>"; };
		7B01578C28F2EFF700D0A842 /* CommitListView.h */ = {isa = PBXFileReference; lastKnownFileType = sourcecode.c.h; path = CommitListView.h; sourceTree = "<group>"; };
		7B01578E28F2F1CC00D0A842 /* CommitCell.m */ = {isa = PBXFileReference; lastKnownFileType = sourcecode.c.objc; path = CommitCell.m; sourceTree = "<group>"; };
		7B01579028F2F1D000D0A842 /* CommitCell.h */ = {isa = PBXFileReference; lastKnownFileType = sourcecode.c.h; path = CommitCell.h; sourceTree = "<group>"; };
		7B01579228F2F3F600D0A842 /* UILabel + init.h */ = {isa = PBXFileReference; lastKnownFileType = sourcecode.c.h; path = "UILabel + init.h"; sourceTree = "<group>"; };
		7B01579328F2F3FF00D0A842 /* UILabel + init.m */ = {isa = PBXFileReference; lastKnownFileType = sourcecode.c.objc; path = "UILabel + init.m"; sourceTree = "<group>"; };
		7B8EFE4028F041A900BB2A28 /* AuthConstants.h */ = {isa = PBXFileReference; lastKnownFileType = sourcecode.c.h; path = AuthConstants.h; sourceTree = "<group>"; };
		7B8EFE4128F041ED00BB2A28 /* AuthConstants.m */ = {isa = PBXFileReference; lastKnownFileType = sourcecode.c.objc; path = AuthConstants.m; sourceTree = "<group>"; };
		7B8EFE4328F04B9B00BB2A28 /* StorageService.h */ = {isa = PBXFileReference; lastKnownFileType = sourcecode.c.h; path = StorageService.h; sourceTree = "<group>"; };
		7B8EFE4428F04BA100BB2A28 /* StorageService.m */ = {isa = PBXFileReference; lastKnownFileType = sourcecode.c.objc; path = StorageService.m; sourceTree = "<group>"; };
		7B8EFE4728F04F8000BB2A28 /* GithubService.m */ = {isa = PBXFileReference; lastKnownFileType = sourcecode.c.objc; path = GithubService.m; sourceTree = "<group>"; };
		7B8EFE4928F04F8800BB2A28 /* GithubService.h */ = {isa = PBXFileReference; lastKnownFileType = sourcecode.c.h; path = GithubService.h; sourceTree = "<group>"; };
		7B8EFE4D28F05F5D00BB2A28 /* Commit.h */ = {isa = PBXFileReference; lastKnownFileType = sourcecode.c.h; path = Commit.h; sourceTree = "<group>"; };
		7B8EFE4E28F05F6300BB2A28 /* Commit.m */ = {isa = PBXFileReference; lastKnownFileType = sourcecode.c.objc; path = Commit.m; sourceTree = "<group>"; };
		7B8EFE5028F05F9400BB2A28 /* CommitAuthor.m */ = {isa = PBXFileReference; lastKnownFileType = sourcecode.c.objc; path = CommitAuthor.m; sourceTree = "<group>"; };
		7B8EFE5228F05F9A00BB2A28 /* CommitAuthor.h */ = {isa = PBXFileReference; lastKnownFileType = sourcecode.c.h; path = CommitAuthor.h; sourceTree = "<group>"; };
		7B8EFE5428F05FF900BB2A28 /* RepoOwner.h */ = {isa = PBXFileReference; lastKnownFileType = sourcecode.c.h; path = RepoOwner.h; sourceTree = "<group>"; };
		7B8EFE5528F05FFE00BB2A28 /* RepoOwner.m */ = {isa = PBXFileReference; lastKnownFileType = sourcecode.c.objc; path = RepoOwner.m; sourceTree = "<group>"; };
		7B8EFE5728F0603A00BB2A28 /* GithubUser.m */ = {isa = PBXFileReference; lastKnownFileType = sourcecode.c.objc; path = GithubUser.m; sourceTree = "<group>"; };
		7B8EFE5928F0603D00BB2A28 /* GithubUser.h */ = {isa = PBXFileReference; lastKnownFileType = sourcecode.c.h; path = GithubUser.h; sourceTree = "<group>"; };
		7B8EFE5A28F060A900BB2A28 /* CommitResponce.h */ = {isa = PBXFileReference; lastKnownFileType = sourcecode.c.h; path = CommitResponce.h; sourceTree = "<group>"; };
		7B8EFE5B28F060B000BB2A28 /* CommitResponce.m */ = {isa = PBXFileReference; lastKnownFileType = sourcecode.c.objc; path = CommitResponce.m; sourceTree = "<group>"; };
		7B8EFE5D28F0614700BB2A28 /* Repo.h */ = {isa = PBXFileReference; lastKnownFileType = sourcecode.c.h; path = Repo.h; sourceTree = "<group>"; };
		7B8EFE5E28F0615A00BB2A28 /* Repo.m */ = {isa = PBXFileReference; lastKnownFileType = sourcecode.c.objc; path = Repo.m; sourceTree = "<group>"; };
		7B8EFE6228F0677700BB2A28 /* RepoHeaderView.m */ = {isa = PBXFileReference; lastKnownFileType = sourcecode.c.objc; path = RepoHeaderView.m; sourceTree = "<group>"; };
		7B8EFE6428F0678B00BB2A28 /* RepoHeaderView.h */ = {isa = PBXFileReference; lastKnownFileType = sourcecode.c.h; path = RepoHeaderView.h; sourceTree = "<group>"; };
		7B8EFE6528F067E700BB2A28 /* RepoListViewController.h */ = {isa = PBXFileReference; lastKnownFileType = sourcecode.c.h; path = RepoListViewController.h; sourceTree = "<group>"; };
		7B8EFE6628F067EC00BB2A28 /* RepoListViewController.m */ = {isa = PBXFileReference; lastKnownFileType = sourcecode.c.objc; path = RepoListViewController.m; sourceTree = "<group>"; };
		7B8EFE6A28F0686D00BB2A28 /* ReuseIdProtocol.h */ = {isa = PBXFileReference; lastKnownFileType = sourcecode.c.h; path = ReuseIdProtocol.h; sourceTree = "<group>"; };
		7B8EFE6D28F0849800BB2A28 /* RepoCellViewData.h */ = {isa = PBXFileReference; lastKnownFileType = sourcecode.c.h; path = RepoCellViewData.h; sourceTree = "<group>"; };
		7B8EFE6E28F0849E00BB2A28 /* RepoCellViewData.m */ = {isa = PBXFileReference; lastKnownFileType = sourcecode.c.objc; path = RepoCellViewData.m; sourceTree = "<group>"; };
		7B8EFE7128F0854D00BB2A28 /* UIViewController + UIAlertController.h */ = {isa = PBXFileReference; lastKnownFileType = sourcecode.c.h; path = "UIViewController + UIAlertController.h"; sourceTree = "<group>"; };
		7B8EFE7228F0855200BB2A28 /* UIViewController + UIAlertController.m */ = {isa = PBXFileReference; lastKnownFileType = sourcecode.c.objc; path = "UIViewController + UIAlertController.m"; sourceTree = "<group>"; };
		7B8EFE7428F0892400BB2A28 /* VIPER Protocols.h */ = {isa = PBXFileReference; lastKnownFileType = sourcecode.c.h; path = "VIPER Protocols.h"; sourceTree = "<group>"; };
		7B8EFE7528F089E500BB2A28 /* CommitCellViewData.h */ = {isa = PBXFileReference; lastKnownFileType = sourcecode.c.h; path = CommitCellViewData.h; sourceTree = "<group>"; };
		7B8EFE7628F089EE00BB2A28 /* CommitCellViewData.m */ = {isa = PBXFileReference; lastKnownFileType = sourcecode.c.objc; path = CommitCellViewData.m; sourceTree = "<group>"; };
		7B8EFE7928F0904600BB2A28 /* RepoCellView.m */ = {isa = PBXFileReference; lastKnownFileType = sourcecode.c.objc; path = RepoCellView.m; sourceTree = "<group>"; };
		7B8EFE7B28F0904A00BB2A28 /* RepoCellView.h */ = {isa = PBXFileReference; lastKnownFileType = sourcecode.c.h; path = RepoCellView.h; sourceTree = "<group>"; };
		7B8EFE7C28F0974600BB2A28 /* RepoCountView.h */ = {isa = PBXFileReference; lastKnownFileType = sourcecode.c.h; path = RepoCountView.h; sourceTree = "<group>"; };
		7B8EFE7D28F0974C00BB2A28 /* RepoCountView.m */ = {isa = PBXFileReference; lastKnownFileType = sourcecode.c.objc; path = RepoCountView.m; sourceTree = "<group>"; };
		7B8EFE8028F0A1FD00BB2A28 /* CircleImageView.m */ = {isa = PBXFileReference; lastKnownFileType = sourcecode.c.objc; path = CircleImageView.m; sourceTree = "<group>"; };
		7B8EFE8228F0A20B00BB2A28 /* CircleImageView.h */ = {isa = PBXFileReference; lastKnownFileType = sourcecode.c.h; path = CircleImageView.h; sourceTree = "<group>"; };
		7B9465B528A23A4B00DF123D /* PocketGuthubC.app */ = {isa = PBXFileReference; explicitFileType = wrapper.application; includeInIndex = 0; path = PocketGuthubC.app; sourceTree = BUILT_PRODUCTS_DIR; };
		7B9465B828A23A4B00DF123D /* AppDelegate.h */ = {isa = PBXFileReference; lastKnownFileType = sourcecode.c.h; path = AppDelegate.h; sourceTree = "<group>"; };
		7B9465B928A23A4B00DF123D /* AppDelegate.m */ = {isa = PBXFileReference; lastKnownFileType = sourcecode.c.objc; path = AppDelegate.m; sourceTree = "<group>"; };
		7B9465BB28A23A4B00DF123D /* SceneDelegate.h */ = {isa = PBXFileReference; lastKnownFileType = sourcecode.c.h; path = SceneDelegate.h; sourceTree = "<group>"; };
		7B9465BC28A23A4B00DF123D /* SceneDelegate.m */ = {isa = PBXFileReference; lastKnownFileType = sourcecode.c.objc; path = SceneDelegate.m; sourceTree = "<group>"; };
		7B9465BE28A23A4B00DF123D /* LoginViewController.h */ = {isa = PBXFileReference; lastKnownFileType = sourcecode.c.h; path = LoginViewController.h; sourceTree = "<group>"; };
		7B9465BF28A23A4B00DF123D /* LoginViewController.m */ = {isa = PBXFileReference; lastKnownFileType = sourcecode.c.objc; path = LoginViewController.m; sourceTree = "<group>"; };
		7B9465C728A23A4D00DF123D /* Base */ = {isa = PBXFileReference; lastKnownFileType = file.storyboard; name = Base; path = Base.lproj/LaunchScreen.storyboard; sourceTree = "<group>"; };
		7B9465C928A23A4D00DF123D /* Info.plist */ = {isa = PBXFileReference; lastKnownFileType = text.plist.xml; path = Info.plist; sourceTree = "<group>"; };
		7B9465CA28A23A4D00DF123D /* main.m */ = {isa = PBXFileReference; lastKnownFileType = sourcecode.c.objc; path = main.m; sourceTree = "<group>"; };
		7B9465D628A24EDF00DF123D /* LoginPresenter.m */ = {isa = PBXFileReference; lastKnownFileType = sourcecode.c.objc; path = LoginPresenter.m; sourceTree = "<group>"; };
		7B9465DB28A2509C00DF123D /* LoginViewOutputProtocol.h */ = {isa = PBXFileReference; lastKnownFileType = sourcecode.c.h; path = LoginViewOutputProtocol.h; sourceTree = "<group>"; };
		7B9465DC28A250C600DF123D /* LoginViewInputProtocol.h */ = {isa = PBXFileReference; lastKnownFileType = sourcecode.c.h; path = LoginViewInputProtocol.h; sourceTree = "<group>"; };
		7B9465DE28A2510900DF123D /* LoginViewRouterProtocol.h */ = {isa = PBXFileReference; lastKnownFileType = sourcecode.c.h; path = LoginViewRouterProtocol.h; sourceTree = "<group>"; };
		7B9465DF28A2511B00DF123D /* LoginInteractorOutputProtocol.h */ = {isa = PBXFileReference; lastKnownFileType = sourcecode.c.h; path = LoginInteractorOutputProtocol.h; sourceTree = "<group>"; };
		7B9465E028A253BF00DF123D /* LoginInteractorInputProtocol.h */ = {isa = PBXFileReference; lastKnownFileType = sourcecode.c.h; path = LoginInteractorInputProtocol.h; sourceTree = "<group>"; };
		7B9465E128A2566A00DF123D /* LoginInteractor.m */ = {isa = PBXFileReference; lastKnownFileType = sourcecode.c.objc; path = LoginInteractor.m; sourceTree = "<group>"; };
		7B9465E328A2AFA800DF123D /* Assets.xcassets */ = {isa = PBXFileReference; lastKnownFileType = folder.assetcatalog; path = Assets.xcassets; sourceTree = "<group>"; };
		7B9D13FD28F14D05004F3B3B /* RepoListConstants.h */ = {isa = PBXFileReference; lastKnownFileType = sourcecode.c.h; path = RepoListConstants.h; sourceTree = "<group>"; };
		7B9D13FE28F14D0F004F3B3B /* RepoListConstants.m */ = {isa = PBXFileReference; lastKnownFileType = sourcecode.c.objc; path = RepoListConstants.m; sourceTree = "<group>"; };
		7B9D140028F14E77004F3B3B /* RepoListInteractor.h */ = {isa = PBXFileReference; lastKnownFileType = sourcecode.c.h; path = RepoListInteractor.h; sourceTree = "<group>"; };
		7B9D140128F14E7C004F3B3B /* RepoListInteractor.m */ = {isa = PBXFileReference; lastKnownFileType = sourcecode.c.objc; path = RepoListInteractor.m; sourceTree = "<group>"; };
		7B9D140328F14E85004F3B3B /* RepoListPresenter.m */ = {isa = PBXFileReference; lastKnownFileType = sourcecode.c.objc; path = RepoListPresenter.m; sourceTree = "<group>"; };
		7B9D140528F14E8C004F3B3B /* RepoListPresenter.h */ = {isa = PBXFileReference; lastKnownFileType = sourcecode.c.h; path = RepoListPresenter.h; sourceTree = "<group>"; };
		7B9D140628F14E9D004F3B3B /* RepoListRouter.h */ = {isa = PBXFileReference; lastKnownFileType = sourcecode.c.h; path = RepoListRouter.h; sourceTree = "<group>"; };
		7B9D140728F14EA3004F3B3B /* RepoListRouter.m */ = {isa = PBXFileReference; lastKnownFileType = sourcecode.c.objc; path = RepoListRouter.m; sourceTree = "<group>"; };
		7B9D140928F14EB2004F3B3B /* RepoListConfigurator.m */ = {isa = PBXFileReference; lastKnownFileType = sourcecode.c.objc; path = RepoListConfigurator.m; sourceTree = "<group>"; };
		7B9D140B28F14EB6004F3B3B /* RepoListConfigurator.h */ = {isa = PBXFileReference; lastKnownFileType = sourcecode.c.h; path = RepoListConfigurator.h; sourceTree = "<group>"; };
		7B9D140D28F15B64004F3B3B /* NSString + Prefix.h */ = {isa = PBXFileReference; lastKnownFileType = sourcecode.c.h; path = "NSString + Prefix.h"; sourceTree = "<group>"; };
		7B9D140E28F15B6C004F3B3B /* NSString + Prefix.m */ = {isa = PBXFileReference; lastKnownFileType = sourcecode.c.objc; path = "NSString + Prefix.m"; sourceTree = "<group>"; };
		7BAF2F2728EFFE5B0091C112 /* LoginViewConfiguratorProtocol.h */ = {isa = PBXFileReference; lastKnownFileType = sourcecode.c.h; path = LoginViewConfiguratorProtocol.h; sourceTree = "<group>"; };
		7BAF2F2828EFFFE30091C112 /* LoginViewConfigurator.m */ = {isa = PBXFileReference; lastKnownFileType = sourcecode.c.objc; path = LoginViewConfigurator.m; sourceTree = "<group>"; };
		7BAF2F2A28F023790091C112 /* LoginViewPresenter.h */ = {isa = PBXFileReference; lastKnownFileType = sourcecode.c.h; path = LoginViewPresenter.h; sourceTree = "<group>"; };
		7BAF2F2B28F02C180091C112 /* LoginViewRouter.m */ = {isa = PBXFileReference; lastKnownFileType = sourcecode.c.objc; path = LoginViewRouter.m; sourceTree = "<group>"; };
		7BAF2F2D28F02D410091C112 /* LoginViewInteractor.h */ = {isa = PBXFileReference; lastKnownFileType = sourcecode.c.h; path = LoginViewInteractor.h; sourceTree = "<group>"; };
		7BEA52E128A38E62001405F8 /* UIColorConstants.h */ = {isa = PBXFileReference; lastKnownFileType = sourcecode.c.h; path = UIColorConstants.h; sourceTree = "<group>"; };
		7BEA52E328A38FD6001405F8 /* AuthService.m */ = {isa = PBXFileReference; lastKnownFileType = sourcecode.c.objc; path = AuthService.m; sourceTree = "<group>"; };
		7BEA52E528A3FE83001405F8 /* AuthService.h */ = {isa = PBXFileReference; lastKnownFileType = sourcecode.c.h; path = AuthService.h; sourceTree = "<group>"; };
		8198F28B7C740FEAE890AE3F /* Pods-PocketGuthubC.debug.xcconfig */ = {isa = PBXFileReference; includeInIndex = 1; lastKnownFileType = text.xcconfig; name = "Pods-PocketGuthubC.debug.xcconfig"; path = "Target Support Files/Pods-PocketGuthubC/Pods-PocketGuthubC.debug.xcconfig"; sourceTree = "<group>"; };
		FA8471DF837EC04B3F63A03B /* Pods-PocketGuthubC.release.xcconfig */ = {isa = PBXFileReference; includeInIndex = 1; lastKnownFileType = text.xcconfig; name = "Pods-PocketGuthubC.release.xcconfig"; path = "Target Support Files/Pods-PocketGuthubC/Pods-PocketGuthubC.release.xcconfig"; sourceTree = "<group>"; };
/* End PBXFileReference section */

/* Begin PBXFrameworksBuildPhase section */
		7B9465B228A23A4B00DF123D /* Frameworks */ = {
			isa = PBXFrameworksBuildPhase;
			buildActionMask = 2147483647;
			files = (
				2A8B73FB79E5244892401810 /* Pods_PocketGuthubC.framework in Frameworks */,
			);
			runOnlyForDeploymentPostprocessing = 0;
		};
/* End PBXFrameworksBuildPhase section */

/* Begin PBXGroup section */
		7B01578028F295F400D0A842 /* Coordiantor */ = {
			isa = PBXGroup;
			children = (
				7B01578128F2961D00D0A842 /* MainCoordinator.h */,
				7B01578228F2962400D0A842 /* MainCoordinator.m */,
			);
			path = Coordiantor;
			sourceTree = "<group>";
		};
		7B01578428F298E800D0A842 /* UINavigationController */ = {
			isa = PBXGroup;
			children = (
				7B01578528F298FD00D0A842 /* UINavigationController + Transparent.h */,
				7B01578628F2990300D0A842 /* UINavigationController + Transparent.m */,
			);
			path = UINavigationController;
			sourceTree = "<group>";
		};
		7B01578928F2EFD600D0A842 /* CommitListModule */ = {
			isa = PBXGroup;
			children = (
				7B01578D28F2F1B800D0A842 /* CommitCell */,
				7B01578A28F2EFED00D0A842 /* CommitListView.m */,
				7B01578C28F2EFF700D0A842 /* CommitListView.h */,
			);
			path = CommitListModule;
			sourceTree = "<group>";
		};
		7B01578D28F2F1B800D0A842 /* CommitCell */ = {
			isa = PBXGroup;
			children = (
				7B01578E28F2F1CC00D0A842 /* CommitCell.m */,
				7B01579028F2F1D000D0A842 /* CommitCell.h */,
			);
			path = CommitCell;
			sourceTree = "<group>";
		};
		7B01579128F2F3EB00D0A842 /* UILabel */ = {
			isa = PBXGroup;
			children = (
				7B01579228F2F3F600D0A842 /* UILabel + init.h */,
				7B01579328F2F3FF00D0A842 /* UILabel + init.m */,
			);
			path = UILabel;
			sourceTree = "<group>";
		};
		7B8EFE4628F04F5500BB2A28 /* Model */ = {
			isa = PBXGroup;
			children = (
				7B8EFE4D28F05F5D00BB2A28 /* Commit.h */,
				7B8EFE4E28F05F6300BB2A28 /* Commit.m */,
				7B8EFE5028F05F9400BB2A28 /* CommitAuthor.m */,
				7B8EFE5228F05F9A00BB2A28 /* CommitAuthor.h */,
				7B8EFE5428F05FF900BB2A28 /* RepoOwner.h */,
				7B8EFE5528F05FFE00BB2A28 /* RepoOwner.m */,
				7B8EFE5728F0603A00BB2A28 /* GithubUser.m */,
				7B8EFE5928F0603D00BB2A28 /* GithubUser.h */,
				7B8EFE5A28F060A900BB2A28 /* CommitResponce.h */,
				7B8EFE5B28F060B000BB2A28 /* CommitResponce.m */,
				7B8EFE5D28F0614700BB2A28 /* Repo.h */,
				7B8EFE5E28F0615A00BB2A28 /* Repo.m */,
			);
			path = Model;
			sourceTree = "<group>";
		};
		7B8EFE6028F0675900BB2A28 /* RepoListModule */ = {
			isa = PBXGroup;
			children = (
				7B8EFE7828F0903100BB2A28 /* View */,
				7B8EFE6C28F0849200BB2A28 /* Entity */,
				7B8EFE6128F0676100BB2A28 /* RepoViewHeader */,
				7B8EFE6528F067E700BB2A28 /* RepoListViewController.h */,
				7B8EFE6628F067EC00BB2A28 /* RepoListViewController.m */,
				7B9D140028F14E77004F3B3B /* RepoListInteractor.h */,
				7B9D140128F14E7C004F3B3B /* RepoListInteractor.m */,
				7B9D140328F14E85004F3B3B /* RepoListPresenter.m */,
				7B9D140528F14E8C004F3B3B /* RepoListPresenter.h */,
				7B9D140628F14E9D004F3B3B /* RepoListRouter.h */,
				7B9D140728F14EA3004F3B3B /* RepoListRouter.m */,
				7B9D140928F14EB2004F3B3B /* RepoListConfigurator.m */,
				7B9D140B28F14EB6004F3B3B /* RepoListConfigurator.h */,
				7B8EFE7428F0892400BB2A28 /* VIPER Protocols.h */,
				7B9D13FD28F14D05004F3B3B /* RepoListConstants.h */,
				7B9D13FE28F14D0F004F3B3B /* RepoListConstants.m */,
			);
			path = RepoListModule;
			sourceTree = "<group>";
		};
		7B8EFE6128F0676100BB2A28 /* RepoViewHeader */ = {
			isa = PBXGroup;
			children = (
				7B8EFE6228F0677700BB2A28 /* RepoHeaderView.m */,
				7B8EFE6428F0678B00BB2A28 /* RepoHeaderView.h */,
			);
			path = RepoViewHeader;
			sourceTree = "<group>";
		};
		7B8EFE6828F0685B00BB2A28 /* Library */ = {
			isa = PBXGroup;
			children = (
				7B9D141028F15E09004F3B3B /* Foundation */,
				7BEA52DD28A38C06001405F8 /* Constants */,
				7B8EFE7028F0851A00BB2A28 /* UIKit */,
				7B8EFE6928F0685F00BB2A28 /* Protocols */,
			);
			path = Library;
			sourceTree = "<group>";
		};
		7B8EFE6928F0685F00BB2A28 /* Protocols */ = {
			isa = PBXGroup;
			children = (
				7B8EFE6A28F0686D00BB2A28 /* ReuseIdProtocol.h */,
			);
			path = Protocols;
			sourceTree = "<group>";
		};
		7B8EFE6C28F0849200BB2A28 /* Entity */ = {
			isa = PBXGroup;
			children = (
				7B8EFE6D28F0849800BB2A28 /* RepoCellViewData.h */,
				7B8EFE6E28F0849E00BB2A28 /* RepoCellViewData.m */,
				7B8EFE7528F089E500BB2A28 /* CommitCellViewData.h */,
				7B8EFE7628F089EE00BB2A28 /* CommitCellViewData.m */,
			);
			path = Entity;
			sourceTree = "<group>";
		};
		7B8EFE7028F0851A00BB2A28 /* UIKit */ = {
			isa = PBXGroup;
			children = (
				7B01579128F2F3EB00D0A842 /* UILabel */,
				7B01578428F298E800D0A842 /* UINavigationController */,
				7B8EFE7F28F0A1F300BB2A28 /* View */,
				7B8EFE7128F0854D00BB2A28 /* UIViewController + UIAlertController.h */,
				7B8EFE7228F0855200BB2A28 /* UIViewController + UIAlertController.m */,
			);
			path = UIKit;
			sourceTree = "<group>";
		};
		7B8EFE7828F0903100BB2A28 /* View */ = {
			isa = PBXGroup;
			children = (
				7B8EFE7928F0904600BB2A28 /* RepoCellView.m */,
				7B8EFE7B28F0904A00BB2A28 /* RepoCellView.h */,
				7B8EFE7C28F0974600BB2A28 /* RepoCountView.h */,
				7B8EFE7D28F0974C00BB2A28 /* RepoCountView.m */,
			);
			path = View;
			sourceTree = "<group>";
		};
		7B8EFE7F28F0A1F300BB2A28 /* View */ = {
			isa = PBXGroup;
			children = (
				7B8EFE8028F0A1FD00BB2A28 /* CircleImageView.m */,
				7B8EFE8228F0A20B00BB2A28 /* CircleImageView.h */,
			);
			path = View;
			sourceTree = "<group>";
		};
		7B9465AC28A23A4B00DF123D = {
			isa = PBXGroup;
			children = (
				7B9465B728A23A4B00DF123D /* PocketGuthubC */,
				7B9465B628A23A4B00DF123D /* Products */,
				AFF4E6D35FDBD0491C5D55BD /* Pods */,
				8261A643E6956CA0D9873066 /* Frameworks */,
			);
			sourceTree = "<group>";
		};
		7B9465B628A23A4B00DF123D /* Products */ = {
			isa = PBXGroup;
			children = (
				7B9465B528A23A4B00DF123D /* PocketGuthubC.app */,
			);
			name = Products;
			sourceTree = "<group>";
		};
		7B9465B728A23A4B00DF123D /* PocketGuthubC */ = {
			isa = PBXGroup;
			children = (
				7B01578928F2EFD600D0A842 /* CommitListModule */,
				7B01578028F295F400D0A842 /* Coordiantor */,
				7B8EFE6828F0685B00BB2A28 /* Library */,
				7B8EFE6028F0675900BB2A28 /* RepoListModule */,
				7B8EFE4628F04F5500BB2A28 /* Model */,
				7BEA52E228A38F83001405F8 /* Service */,
				7B9465D428A24A5800DF123D /* LoginModule */,
				7B9465B828A23A4B00DF123D /* AppDelegate.h */,
				7B9465B928A23A4B00DF123D /* AppDelegate.m */,
				7B9465E328A2AFA800DF123D /* Assets.xcassets */,
				7B9465BB28A23A4B00DF123D /* SceneDelegate.h */,
				7B9465BC28A23A4B00DF123D /* SceneDelegate.m */,
				7B9465C628A23A4D00DF123D /* LaunchScreen.storyboard */,
				7B9465C928A23A4D00DF123D /* Info.plist */,
				7B9465CA28A23A4D00DF123D /* main.m */,
			);
			path = PocketGuthubC;
			sourceTree = "<group>";
		};
		7B9465D428A24A5800DF123D /* LoginModule */ = {
			isa = PBXGroup;
			children = (
				7B9465DD28A250FC00DF123D /* Interfaces */,
				7B9465BF28A23A4B00DF123D /* LoginViewController.m */,
				7B9465E128A2566A00DF123D /* LoginInteractor.m */,
				7B9465D628A24EDF00DF123D /* LoginPresenter.m */,
				7BAF2F2828EFFFE30091C112 /* LoginViewConfigurator.m */,
				7BAF2F2B28F02C180091C112 /* LoginViewRouter.m */,
			);
			path = LoginModule;
			sourceTree = "<group>";
		};
		7B9465DD28A250FC00DF123D /* Interfaces */ = {
			isa = PBXGroup;
			children = (
				7B9465DB28A2509C00DF123D /* LoginViewOutputProtocol.h */,
				7B9465DC28A250C600DF123D /* LoginViewInputProtocol.h */,
				7B9465DE28A2510900DF123D /* LoginViewRouterProtocol.h */,
				7B9465DF28A2511B00DF123D /* LoginInteractorOutputProtocol.h */,
				7B9465E028A253BF00DF123D /* LoginInteractorInputProtocol.h */,
				7B9465BE28A23A4B00DF123D /* LoginViewController.h */,
				7BAF2F2728EFFE5B0091C112 /* LoginViewConfiguratorProtocol.h */,
				7BAF2F2A28F023790091C112 /* LoginViewPresenter.h */,
				7BAF2F2D28F02D410091C112 /* LoginViewInteractor.h */,
			);
			path = Interfaces;
			sourceTree = "<group>";
		};
		7B9D140C28F15B3E004F3B3B /* NSString */ = {
			isa = PBXGroup;
			children = (
				7B9D140D28F15B64004F3B3B /* NSString + Prefix.h */,
				7B9D140E28F15B6C004F3B3B /* NSString + Prefix.m */,
			);
			path = NSString;
			sourceTree = "<group>";
		};
		7B9D141028F15E09004F3B3B /* Foundation */ = {
			isa = PBXGroup;
			children = (
				7B9D140C28F15B3E004F3B3B /* NSString */,
			);
			path = Foundation;
			sourceTree = "<group>";
		};
		7BEA52DD28A38C06001405F8 /* Constants */ = {
			isa = PBXGroup;
			children = (
				7BEA52E128A38E62001405F8 /* UIColorConstants.h */,
			);
			path = Constants;
			sourceTree = "<group>";
		};
		7BEA52E228A38F83001405F8 /* Service */ = {
			isa = PBXGroup;
			children = (
				7BEA52E328A38FD6001405F8 /* AuthService.m */,
				7BEA52E528A3FE83001405F8 /* AuthService.h */,
				7B8EFE4028F041A900BB2A28 /* AuthConstants.h */,
				7B8EFE4128F041ED00BB2A28 /* AuthConstants.m */,
				7B8EFE4328F04B9B00BB2A28 /* StorageService.h */,
				7B8EFE4428F04BA100BB2A28 /* StorageService.m */,
				7B8EFE4728F04F8000BB2A28 /* GithubService.m */,
				7B8EFE4928F04F8800BB2A28 /* GithubService.h */,
			);
			path = Service;
			sourceTree = "<group>";
		};
		8261A643E6956CA0D9873066 /* Frameworks */ = {
			isa = PBXGroup;
			children = (
				03DB156D205CBF3C7C3C9779 /* Pods_PocketGuthubC.framework */,
			);
			name = Frameworks;
			sourceTree = "<group>";
		};
		AFF4E6D35FDBD0491C5D55BD /* Pods */ = {
			isa = PBXGroup;
			children = (
				8198F28B7C740FEAE890AE3F /* Pods-PocketGuthubC.debug.xcconfig */,
				FA8471DF837EC04B3F63A03B /* Pods-PocketGuthubC.release.xcconfig */,
			);
			path = Pods;
			sourceTree = "<group>";
		};
/* End PBXGroup section */

/* Begin PBXNativeTarget section */
		7B9465B428A23A4B00DF123D /* PocketGuthubC */ = {
			isa = PBXNativeTarget;
			buildConfigurationList = 7B9465CE28A23A4D00DF123D /* Build configuration list for PBXNativeTarget "PocketGuthubC" */;
			buildPhases = (
				D1F5EA74E81B266470449A55 /* [CP] Check Pods Manifest.lock */,
				7B9465B128A23A4B00DF123D /* Sources */,
				7B9465B228A23A4B00DF123D /* Frameworks */,
				7B9465B328A23A4B00DF123D /* Resources */,
				061BFA8588F01FEB30F39B50 /* [CP] Embed Pods Frameworks */,
			);
			buildRules = (
			);
			dependencies = (
			);
			name = PocketGuthubC;
			packageProductDependencies = (
			);
			productName = PocketGuthubC;
			productReference = 7B9465B528A23A4B00DF123D /* PocketGuthubC.app */;
			productType = "com.apple.product-type.application";
		};
/* End PBXNativeTarget section */

/* Begin PBXProject section */
		7B9465AD28A23A4B00DF123D /* Project object */ = {
			isa = PBXProject;
			attributes = {
				BuildIndependentTargetsInParallel = 1;
				LastUpgradeCheck = 1320;
				TargetAttributes = {
					7B9465B428A23A4B00DF123D = {
						CreatedOnToolsVersion = 13.2.1;
					};
				};
			};
			buildConfigurationList = 7B9465B028A23A4B00DF123D /* Build configuration list for PBXProject "PocketGuthubC" */;
			compatibilityVersion = "Xcode 13.0";
			developmentRegion = en;
			hasScannedForEncodings = 0;
			knownRegions = (
				en,
				Base,
			);
			mainGroup = 7B9465AC28A23A4B00DF123D;
			packageReferences = (
			);
			productRefGroup = 7B9465B628A23A4B00DF123D /* Products */;
			projectDirPath = "";
			projectRoot = "";
			targets = (
				7B9465B428A23A4B00DF123D /* PocketGuthubC */,
			);
		};
/* End PBXProject section */

/* Begin PBXResourcesBuildPhase section */
		7B9465B328A23A4B00DF123D /* Resources */ = {
			isa = PBXResourcesBuildPhase;
			buildActionMask = 2147483647;
			files = (
				7B9465E428A2AFA900DF123D /* Assets.xcassets in Resources */,
				7B9465C828A23A4D00DF123D /* LaunchScreen.storyboard in Resources */,
			);
			runOnlyForDeploymentPostprocessing = 0;
		};
/* End PBXResourcesBuildPhase section */

/* Begin PBXShellScriptBuildPhase section */
		061BFA8588F01FEB30F39B50 /* [CP] Embed Pods Frameworks */ = {
			isa = PBXShellScriptBuildPhase;
			buildActionMask = 2147483647;
			files = (
			);
			inputFileListPaths = (
				"${PODS_ROOT}/Target Support Files/Pods-PocketGuthubC/Pods-PocketGuthubC-frameworks-${CONFIGURATION}-input-files.xcfilelist",
			);
			name = "[CP] Embed Pods Frameworks";
			outputFileListPaths = (
				"${PODS_ROOT}/Target Support Files/Pods-PocketGuthubC/Pods-PocketGuthubC-frameworks-${CONFIGURATION}-output-files.xcfilelist",
			);
			runOnlyForDeploymentPostprocessing = 0;
			shellPath = /bin/sh;
			shellScript = "\"${PODS_ROOT}/Target Support Files/Pods-PocketGuthubC/Pods-PocketGuthubC-frameworks.sh\"\n";
			showEnvVarsInLog = 0;
		};
		D1F5EA74E81B266470449A55 /* [CP] Check Pods Manifest.lock */ = {
			isa = PBXShellScriptBuildPhase;
			buildActionMask = 2147483647;
			files = (
			);
			inputFileListPaths = (
			);
			inputPaths = (
				"${PODS_PODFILE_DIR_PATH}/Podfile.lock",
				"${PODS_ROOT}/Manifest.lock",
			);
			name = "[CP] Check Pods Manifest.lock";
			outputFileListPaths = (
			);
			outputPaths = (
				"$(DERIVED_FILE_DIR)/Pods-PocketGuthubC-checkManifestLockResult.txt",
			);
			runOnlyForDeploymentPostprocessing = 0;
			shellPath = /bin/sh;
			shellScript = "diff \"${PODS_PODFILE_DIR_PATH}/Podfile.lock\" \"${PODS_ROOT}/Manifest.lock\" > /dev/null\nif [ $? != 0 ] ; then\n    # print error to STDERR\n    echo \"error: The sandbox is not in sync with the Podfile.lock. Run 'pod install' or update your CocoaPods installation.\" >&2\n    exit 1\nfi\n# This output is used by Xcode 'outputs' to avoid re-running this script phase.\necho \"SUCCESS\" > \"${SCRIPT_OUTPUT_FILE_0}\"\n";
			showEnvVarsInLog = 0;
		};
/* End PBXShellScriptBuildPhase section */

/* Begin PBXSourcesBuildPhase section */
		7B9465B128A23A4B00DF123D /* Sources */ = {
			isa = PBXSourcesBuildPhase;
			buildActionMask = 2147483647;
			files = (
				7B9D140228F14E7C004F3B3B /* RepoListInteractor.m in Sources */,
				7B9465E228A2566A00DF123D /* LoginInteractor.m in Sources */,
				7B8EFE4F28F05F6300BB2A28 /* Commit.m in Sources */,
				7B9465C028A23A4B00DF123D /* LoginViewController.m in Sources */,
				7B01578728F2990300D0A842 /* UINavigationController + Transparent.m in Sources */,
				7B8EFE4228F041ED00BB2A28 /* AuthConstants.m in Sources */,
				7B8EFE7A28F0904600BB2A28 /* RepoCellView.m in Sources */,
				7BAF2F2928EFFFE30091C112 /* LoginViewConfigurator.m in Sources */,
				7B8EFE4528F04BA100BB2A28 /* StorageService.m in Sources */,
				7B8EFE8128F0A1FD00BB2A28 /* CircleImageView.m in Sources */,
				7B8EFE7E28F0974C00BB2A28 /* RepoCountView.m in Sources */,
				7B8EFE5628F05FFE00BB2A28 /* RepoOwner.m in Sources */,
				7B01578F28F2F1CC00D0A842 /* CommitCell.m in Sources */,
				7BEA52E428A38FD6001405F8 /* AuthService.m in Sources */,
				7B8EFE5128F05F9400BB2A28 /* CommitAuthor.m in Sources */,
				7B8EFE6F28F0849E00BB2A28 /* RepoCellViewData.m in Sources */,
				7B9465BA28A23A4B00DF123D /* AppDelegate.m in Sources */,
				7B9D140428F14E85004F3B3B /* RepoListPresenter.m in Sources */,
				7B01578328F2962400D0A842 /* MainCoordinator.m in Sources */,
				7B9465D728A24EDF00DF123D /* LoginPresenter.m in Sources */,
				7B8EFE5828F0603A00BB2A28 /* GithubUser.m in Sources */,
				7B9D13FF28F14D0F004F3B3B /* RepoListConstants.m in Sources */,
				7B8EFE6328F0677700BB2A28 /* RepoHeaderView.m in Sources */,
				7BAF2F2C28F02C180091C112 /* LoginViewRouter.m in Sources */,
				7B9D140A28F14EB2004F3B3B /* RepoListConfigurator.m in Sources */,
				7B8EFE4828F04F8000BB2A28 /* GithubService.m in Sources */,
				7B8EFE5C28F060B000BB2A28 /* CommitResponce.m in Sources */,
				7B9465CB28A23A4D00DF123D /* main.m in Sources */,
				7B01578B28F2EFED00D0A842 /* CommitListView.m in Sources */,
				7B8EFE5F28F0615A00BB2A28 /* Repo.m in Sources */,
				7B8EFE7328F0855200BB2A28 /* UIViewController + UIAlertController.m in Sources */,
				7B01579428F2F3FF00D0A842 /* UILabel + init.m in Sources */,
				7B8EFE7728F089EE00BB2A28 /* CommitCellViewData.m in Sources */,
				7B8EFE6728F067EC00BB2A28 /* RepoListViewController.m in Sources */,
				7B9465BD28A23A4B00DF123D /* SceneDelegate.m in Sources */,
				7B9D140F28F15B6C004F3B3B /* NSString + Prefix.m in Sources */,
				7B9D140828F14EA3004F3B3B /* RepoListRouter.m in Sources */,
			);
			runOnlyForDeploymentPostprocessing = 0;
		};
/* End PBXSourcesBuildPhase section */

/* Begin PBXVariantGroup section */
		7B9465C628A23A4D00DF123D /* LaunchScreen.storyboard */ = {
			isa = PBXVariantGroup;
			children = (
				7B9465C728A23A4D00DF123D /* Base */,
			);
			name = LaunchScreen.storyboard;
			sourceTree = "<group>";
		};
/* End PBXVariantGroup section */

/* Begin XCBuildConfiguration section */
		7B9465CC28A23A4D00DF123D /* Debug */ = {
			isa = XCBuildConfiguration;
			buildSettings = {
				ALWAYS_SEARCH_USER_PATHS = NO;
				CLANG_ANALYZER_NONNULL = YES;
				CLANG_ANALYZER_NUMBER_OBJECT_CONVERSION = YES_AGGRESSIVE;
				CLANG_CXX_LANGUAGE_STANDARD = "gnu++17";
				CLANG_CXX_LIBRARY = "libc++";
				CLANG_ENABLE_MODULES = YES;
				CLANG_ENABLE_OBJC_ARC = YES;
				CLANG_ENABLE_OBJC_WEAK = YES;
				CLANG_WARN_BLOCK_CAPTURE_AUTORELEASING = YES;
				CLANG_WARN_BOOL_CONVERSION = YES;
				CLANG_WARN_COMMA = YES;
				CLANG_WARN_CONSTANT_CONVERSION = YES;
				CLANG_WARN_DEPRECATED_OBJC_IMPLEMENTATIONS = YES;
				CLANG_WARN_DIRECT_OBJC_ISA_USAGE = YES_ERROR;
				CLANG_WARN_DOCUMENTATION_COMMENTS = YES;
				CLANG_WARN_EMPTY_BODY = YES;
				CLANG_WARN_ENUM_CONVERSION = YES;
				CLANG_WARN_INFINITE_RECURSION = YES;
				CLANG_WARN_INT_CONVERSION = YES;
				CLANG_WARN_NON_LITERAL_NULL_CONVERSION = YES;
				CLANG_WARN_OBJC_IMPLICIT_RETAIN_SELF = YES;
				CLANG_WARN_OBJC_LITERAL_CONVERSION = YES;
				CLANG_WARN_OBJC_ROOT_CLASS = YES_ERROR;
				CLANG_WARN_QUOTED_INCLUDE_IN_FRAMEWORK_HEADER = YES;
				CLANG_WARN_RANGE_LOOP_ANALYSIS = YES;
				CLANG_WARN_STRICT_PROTOTYPES = YES;
				CLANG_WARN_SUSPICIOUS_MOVE = YES;
				CLANG_WARN_UNGUARDED_AVAILABILITY = YES_AGGRESSIVE;
				CLANG_WARN_UNREACHABLE_CODE = YES;
				CLANG_WARN__DUPLICATE_METHOD_MATCH = YES;
				COPY_PHASE_STRIP = NO;
				DEBUG_INFORMATION_FORMAT = dwarf;
				ENABLE_STRICT_OBJC_MSGSEND = YES;
				ENABLE_TESTABILITY = YES;
				GCC_C_LANGUAGE_STANDARD = gnu11;
				GCC_DYNAMIC_NO_PIC = NO;
				GCC_NO_COMMON_BLOCKS = YES;
				GCC_OPTIMIZATION_LEVEL = 0;
				GCC_PREPROCESSOR_DEFINITIONS = (
					"DEBUG=1",
					"$(inherited)",
				);
				GCC_WARN_64_TO_32_BIT_CONVERSION = YES;
				GCC_WARN_ABOUT_RETURN_TYPE = YES_ERROR;
				GCC_WARN_UNDECLARED_SELECTOR = YES;
				GCC_WARN_UNINITIALIZED_AUTOS = YES_AGGRESSIVE;
				GCC_WARN_UNUSED_FUNCTION = YES;
				GCC_WARN_UNUSED_VARIABLE = YES;
				IPHONEOS_DEPLOYMENT_TARGET = 15.2;
				MTL_ENABLE_DEBUG_INFO = INCLUDE_SOURCE;
				MTL_FAST_MATH = YES;
				ONLY_ACTIVE_ARCH = YES;
				SDKROOT = iphoneos;
			};
			name = Debug;
		};
		7B9465CD28A23A4D00DF123D /* Release */ = {
			isa = XCBuildConfiguration;
			buildSettings = {
				ALWAYS_SEARCH_USER_PATHS = NO;
				CLANG_ANALYZER_NONNULL = YES;
				CLANG_ANALYZER_NUMBER_OBJECT_CONVERSION = YES_AGGRESSIVE;
				CLANG_CXX_LANGUAGE_STANDARD = "gnu++17";
				CLANG_CXX_LIBRARY = "libc++";
				CLANG_ENABLE_MODULES = YES;
				CLANG_ENABLE_OBJC_ARC = YES;
				CLANG_ENABLE_OBJC_WEAK = YES;
				CLANG_WARN_BLOCK_CAPTURE_AUTORELEASING = YES;
				CLANG_WARN_BOOL_CONVERSION = YES;
				CLANG_WARN_COMMA = YES;
				CLANG_WARN_CONSTANT_CONVERSION = YES;
				CLANG_WARN_DEPRECATED_OBJC_IMPLEMENTATIONS = YES;
				CLANG_WARN_DIRECT_OBJC_ISA_USAGE = YES_ERROR;
				CLANG_WARN_DOCUMENTATION_COMMENTS = YES;
				CLANG_WARN_EMPTY_BODY = YES;
				CLANG_WARN_ENUM_CONVERSION = YES;
				CLANG_WARN_INFINITE_RECURSION = YES;
				CLANG_WARN_INT_CONVERSION = YES;
				CLANG_WARN_NON_LITERAL_NULL_CONVERSION = YES;
				CLANG_WARN_OBJC_IMPLICIT_RETAIN_SELF = YES;
				CLANG_WARN_OBJC_LITERAL_CONVERSION = YES;
				CLANG_WARN_OBJC_ROOT_CLASS = YES_ERROR;
				CLANG_WARN_QUOTED_INCLUDE_IN_FRAMEWORK_HEADER = YES;
				CLANG_WARN_RANGE_LOOP_ANALYSIS = YES;
				CLANG_WARN_STRICT_PROTOTYPES = YES;
				CLANG_WARN_SUSPICIOUS_MOVE = YES;
				CLANG_WARN_UNGUARDED_AVAILABILITY = YES_AGGRESSIVE;
				CLANG_WARN_UNREACHABLE_CODE = YES;
				CLANG_WARN__DUPLICATE_METHOD_MATCH = YES;
				COPY_PHASE_STRIP = NO;
				DEBUG_INFORMATION_FORMAT = "dwarf-with-dsym";
				ENABLE_NS_ASSERTIONS = NO;
				ENABLE_STRICT_OBJC_MSGSEND = YES;
				GCC_C_LANGUAGE_STANDARD = gnu11;
				GCC_NO_COMMON_BLOCKS = YES;
				GCC_WARN_64_TO_32_BIT_CONVERSION = YES;
				GCC_WARN_ABOUT_RETURN_TYPE = YES_ERROR;
				GCC_WARN_UNDECLARED_SELECTOR = YES;
				GCC_WARN_UNINITIALIZED_AUTOS = YES_AGGRESSIVE;
				GCC_WARN_UNUSED_FUNCTION = YES;
				GCC_WARN_UNUSED_VARIABLE = YES;
				IPHONEOS_DEPLOYMENT_TARGET = 15.2;
				MTL_ENABLE_DEBUG_INFO = NO;
				MTL_FAST_MATH = YES;
				SDKROOT = iphoneos;
				VALIDATE_PRODUCT = YES;
			};
			name = Release;
		};
		7B9465CF28A23A4D00DF123D /* Debug */ = {
			isa = XCBuildConfiguration;
			baseConfigurationReference = 8198F28B7C740FEAE890AE3F /* Pods-PocketGuthubC.debug.xcconfig */;
			buildSettings = {
				ASSETCATALOG_COMPILER_APPICON_NAME = AppIcon;
				ASSETCATALOG_COMPILER_GLOBAL_ACCENT_COLOR_NAME = AccentColor;
				CODE_SIGN_STYLE = Automatic;
				CURRENT_PROJECT_VERSION = 1;
				DEVELOPMENT_TEAM = Q993925G25;
				GENERATE_INFOPLIST_FILE = YES;
				INFOPLIST_FILE = PocketGuthubC/Info.plist;
				INFOPLIST_KEY_UIApplicationSupportsIndirectInputEvents = YES;
				INFOPLIST_KEY_UILaunchStoryboardName = LaunchScreen;
				INFOPLIST_KEY_UIStatusBarStyle = UIStatusBarStyleLightContent;
				INFOPLIST_KEY_UISupportedInterfaceOrientations_iPad = "UIInterfaceOrientationPortrait UIInterfaceOrientationPortraitUpsideDown UIInterfaceOrientationLandscapeLeft UIInterfaceOrientationLandscapeRight";
				INFOPLIST_KEY_UISupportedInterfaceOrientations_iPhone = "UIInterfaceOrientationPortrait UIInterfaceOrientationLandscapeLeft UIInterfaceOrientationLandscapeRight";
				IPHONEOS_DEPLOYMENT_TARGET = 12.4;
				LD_RUNPATH_SEARCH_PATHS = (
					"$(inherited)",
					"@executable_path/Frameworks",
				);
				MARKETING_VERSION = 1.0;
				PRODUCT_BUNDLE_IDENTIFIER = timrez.PocketGuthubC;
				PRODUCT_NAME = "$(TARGET_NAME)";
				SWIFT_EMIT_LOC_STRINGS = YES;
				TARGETED_DEVICE_FAMILY = "1,2";
			};
			name = Debug;
		};
		7B9465D028A23A4D00DF123D /* Release */ = {
			isa = XCBuildConfiguration;
			baseConfigurationReference = FA8471DF837EC04B3F63A03B /* Pods-PocketGuthubC.release.xcconfig */;
			buildSettings = {
				ASSETCATALOG_COMPILER_APPICON_NAME = AppIcon;
				ASSETCATALOG_COMPILER_GLOBAL_ACCENT_COLOR_NAME = AccentColor;
				CODE_SIGN_STYLE = Automatic;
				CURRENT_PROJECT_VERSION = 1;
				DEVELOPMENT_TEAM = Q993925G25;
				GENERATE_INFOPLIST_FILE = YES;
				INFOPLIST_FILE = PocketGuthubC/Info.plist;
				INFOPLIST_KEY_UIApplicationSupportsIndirectInputEvents = YES;
				INFOPLIST_KEY_UILaunchStoryboardName = LaunchScreen;
				INFOPLIST_KEY_UIStatusBarStyle = UIStatusBarStyleLightContent;
				INFOPLIST_KEY_UISupportedInterfaceOrientations_iPad = "UIInterfaceOrientationPortrait UIInterfaceOrientationPortraitUpsideDown UIInterfaceOrientationLandscapeLeft UIInterfaceOrientationLandscapeRight";
				INFOPLIST_KEY_UISupportedInterfaceOrientations_iPhone = "UIInterfaceOrientationPortrait UIInterfaceOrientationLandscapeLeft UIInterfaceOrientationLandscapeRight";
				IPHONEOS_DEPLOYMENT_TARGET = 12.4;
				LD_RUNPATH_SEARCH_PATHS = (
					"$(inherited)",
					"@executable_path/Frameworks",
				);
				MARKETING_VERSION = 1.0;
				PRODUCT_BUNDLE_IDENTIFIER = timrez.PocketGuthubC;
				PRODUCT_NAME = "$(TARGET_NAME)";
				SWIFT_EMIT_LOC_STRINGS = YES;
				TARGETED_DEVICE_FAMILY = "1,2";
			};
			name = Release;
		};
/* End XCBuildConfiguration section */

/* Begin XCConfigurationList section */
		7B9465B028A23A4B00DF123D /* Build configuration list for PBXProject "PocketGuthubC" */ = {
			isa = XCConfigurationList;
			buildConfigurations = (
				7B9465CC28A23A4D00DF123D /* Debug */,
				7B9465CD28A23A4D00DF123D /* Release */,
			);
			defaultConfigurationIsVisible = 0;
			defaultConfigurationName = Release;
		};
		7B9465CE28A23A4D00DF123D /* Build configuration list for PBXNativeTarget "PocketGuthubC" */ = {
			isa = XCConfigurationList;
			buildConfigurations = (
				7B9465CF28A23A4D00DF123D /* Debug */,
				7B9465D028A23A4D00DF123D /* Release */,
			);
			defaultConfigurationIsVisible = 0;
			defaultConfigurationName = Release;
		};
/* End XCConfigurationList section */
	};
	rootObject = 7B9465AD28A23A4B00DF123D /* Project object */;
}
